{
  "version": 4,
  "terraform_version": "1.2.5",
  "serial": 29,
  "lineage": "0b5b6d9e-c7ee-2204-bc04-c298153cbf73",
  "outputs": {},
  "resources": [
    {
      "mode": "managed",
      "type": "google_compute_health_check",
      "name": "default",
      "provider": "provider[\"registry.terraform.io/hashicorp/google\"].gcp-techx",
      "instances": [
        {
          "schema_version": 0,
          "attributes": {
            "check_interval_sec": 5,
            "creation_timestamp": "2022-11-15T07:21:12.501-08:00",
            "description": "",
            "grpc_health_check": [],
            "healthy_threshold": 2,
            "http2_health_check": [],
            "http_health_check": [
              {
                "host": "",
                "port": 80,
                "port_name": "",
                "port_specification": "",
                "proxy_header": "NONE",
                "request_path": "/",
                "response": ""
              }
            ],
            "https_health_check": [],
            "id": "projects/scbtechx-sharedvpc-nonprod/global/healthChecks/test-tf-hc",
            "log_config": [
              {
                "enable": false
              }
            ],
            "name": "test-tf-hc",
            "project": "scbtechx-sharedvpc-nonprod",
            "self_link": "https://www.googleapis.com/compute/v1/projects/scbtechx-sharedvpc-nonprod/global/healthChecks/test-tf-hc",
            "ssl_health_check": [],
            "tcp_health_check": [],
            "timeout_sec": 5,
            "timeouts": null,
            "type": "HTTP",
            "unhealthy_threshold": 2
          },
          "sensitive_attributes": [],
          "private": "eyJlMmJmYjczMC1lY2FhLTExZTYtOGY4OC0zNDM2M2JjN2M0YzAiOnsiY3JlYXRlIjoxMjAwMDAwMDAwMDAwLCJkZWxldGUiOjEyMDAwMDAwMDAwMDAsInVwZGF0ZSI6MTIwMDAwMDAwMDAwMH19"
        }
      ]
    },
    {
      "mode": "managed",
      "type": "google_compute_instance",
      "name": "api",
      "provider": "provider[\"registry.terraform.io/hashicorp/google\"].gcp-pex",
      "instances": [
        {
          "schema_version": 6,
          "attributes": {
            "advanced_machine_features": [],
            "allow_stopping_for_update": null,
            "attached_disk": [],
            "boot_disk": [
              {
                "auto_delete": true,
                "device_name": "persistent-disk-0",
                "disk_encryption_key_raw": "",
                "disk_encryption_key_sha256": "",
                "initialize_params": [
                  {
                    "image": "https://www.googleapis.com/compute/v1/projects/debian-cloud/global/images/debian-11-bullseye-v20220719",
                    "labels": {},
                    "size": 10,
                    "type": "pd-standard"
                  }
                ],
                "kms_key_self_link": "",
                "mode": "READ_WRITE",
                "source": "https://www.googleapis.com/compute/v1/projects/pex-nonprod/zones/asia-southeast1-b/disks/test-tf-instance"
              }
            ],
            "can_ip_forward": false,
            "confidential_instance_config": [],
            "cpu_platform": "Intel Broadwell",
            "current_status": "RUNNING",
            "deletion_protection": false,
            "description": "",
            "desired_status": null,
            "enable_display": false,
            "guest_accelerator": [],
            "hostname": "",
            "id": "projects/pex-nonprod/zones/asia-southeast1-b/instances/test-tf-instance",
            "instance_id": "5650119490703069318",
            "label_fingerprint": "42WmSpB8rSM=",
            "labels": null,
            "machine_type": "f1-micro",
            "metadata": null,
            "metadata_fingerprint": "N-zsZR5sNmM=",
            "metadata_startup_script": null,
            "min_cpu_platform": "",
            "name": "test-tf-instance",
            "network_interface": [
              {
                "access_config": [
                  {
                    "nat_ip": "34.124.249.218",
                    "network_tier": "PREMIUM",
                    "public_ptr_domain_name": ""
                  }
                ],
                "alias_ip_range": [],
                "ipv6_access_config": [],
                "ipv6_access_type": "",
                "name": "nic0",
                "network": "https://www.googleapis.com/compute/v1/projects/pex-nonprod/global/networks/pex-nonprod-vpc1",
                "network_ip": "172.19.8.148",
                "nic_type": "",
                "queue_count": 0,
                "stack_type": "IPV4_ONLY",
                "subnetwork": "https://www.googleapis.com/compute/v1/projects/pex-nonprod/regions/asia-southeast1/subnetworks/subnet-pex-nonprod1",
                "subnetwork_project": "pex-nonprod"
              }
            ],
            "project": "pex-nonprod",
            "reservation_affinity": [],
            "resource_policies": null,
            "scheduling": [
              {
                "automatic_restart": true,
                "instance_termination_action": "",
                "min_node_cpus": 0,
                "node_affinities": [],
                "on_host_maintenance": "MIGRATE",
                "preemptible": false,
                "provisioning_model": "STANDARD"
              }
            ],
            "scratch_disk": [],
            "self_link": "https://www.googleapis.com/compute/v1/projects/pex-nonprod/zones/asia-southeast1-b/instances/test-tf-instance",
            "service_account": [],
            "shielded_instance_config": [
              {
                "enable_integrity_monitoring": true,
                "enable_secure_boot": false,
                "enable_vtpm": true
              }
            ],
            "tags": [
              "private-app"
            ],
            "tags_fingerprint": "4BwUI0kszDU=",
            "timeouts": null,
            "zone": "asia-southeast1-b"
          },
          "sensitive_attributes": [],
          "private": "eyJlMmJmYjczMC1lY2FhLTExZTYtOGY4OC0zNDM2M2JjN2M0YzAiOnsiY3JlYXRlIjoxMjAwMDAwMDAwMDAwLCJkZWxldGUiOjEyMDAwMDAwMDAwMDAsInVwZGF0ZSI6MTIwMDAwMDAwMDAwMH0sInNjaGVtYV92ZXJzaW9uIjoiNiJ9",
          "create_before_destroy": true
        }
      ]
    },
    {
      "mode": "managed",
      "type": "google_compute_instance_group",
      "name": "api",
      "provider": "provider[\"registry.terraform.io/hashicorp/google\"].gcp-pex",
      "instances": [
        {
          "schema_version": 2,
          "attributes": {
            "description": "",
            "id": "projects/pex-nonprod/zones/asia-southeast1-b/instanceGroups/test-tf-instance-group",
            "instances": [
              "https://www.googleapis.com/compute/v1/projects/pex-nonprod/zones/asia-southeast1-b/instances/test-tf-instance"
            ],
            "name": "test-tf-instance-group",
            "named_port": [
              {
                "name": "http",
                "port": 5000
              }
            ],
            "network": "https://www.googleapis.com/compute/v1/projects/pex-nonprod/global/networks/pex-nonprod-vpc1",
            "project": "pex-nonprod",
            "self_link": "https://www.googleapis.com/compute/v1/projects/pex-nonprod/zones/asia-southeast1-b/instanceGroups/test-tf-instance-group",
            "size": 1,
            "timeouts": null,
            "zone": "asia-southeast1-b"
          },
          "sensitive_attributes": [],
          "private": "eyJlMmJmYjczMC1lY2FhLTExZTYtOGY4OC0zNDM2M2JjN2M0YzAiOnsiY3JlYXRlIjozNjAwMDAwMDAwMDAsImRlbGV0ZSI6MzYwMDAwMDAwMDAwLCJ1cGRhdGUiOjM2MDAwMDAwMDAwMH0sInNjaGVtYV92ZXJzaW9uIjoiMiJ9",
          "dependencies": [
            "google_compute_instance.api"
          ],
          "create_before_destroy": true
        }
      ]
    }
  ]
}
